
Microsoft Visual Studio Solution File, Format Version 12.00
# Visual Studio Version 16
VisualStudioVersion = 16.0.29509.3
MinimumVisualStudioVersion = 10.0.40219.1
Project("{FAE04EC0-301F-11D3-BF4B-00C04F79EFBC}") = "CloseCms", "CloseCms\CloseCms.csproj", "{12D57F20-B2C3-421D-B242-E4D830FC4799}"
EndProject
Project("{FAE04EC0-301F-11D3-BF4B-00C04F79EFBC}") = "CloseCms.Data", "CloseCms.Data\CloseCms.Data.csproj", "{71045D98-D65D-49E2-893F-755D71F25DB1}"
EndProject
Project("{FAE04EC0-301F-11D3-BF4B-00C04F79EFBC}") = "CloseCms.Core", "CloseCms.Core\CloseCms.Core.csproj", "{258A49AB-8AAD-494A-8F93-8AFE70F0DC41}"
EndProject
Global
	GlobalSection(SolutionConfigurationPlatforms) = preSolution
		Debug|Any CPU = Debug|Any CPU
		Release|Any CPU = Release|Any CPU
	EndGlobalSection
	GlobalSection(ProjectConfigurationPlatforms) = postSolution
		{12D57F20-B2C3-421D-B242-E4D830FC4799}.Debug|Any CPU.ActiveCfg = Debug|Any CPU
		{12D57F20-B2C3-421D-B242-E4D830FC4799}.Debug|Any CPU.Build.0 = Debug|Any CPU
		{12D57F20-B2C3-421D-B242-E4D830FC4799}.Release|Any CPU.ActiveCfg = Release|Any CPU
		{12D57F20-B2C3-421D-B242-E4D830FC4799}.Release|Any CPU.Build.0 = Release|Any CPU
		{71045D98-D65D-49E2-893F-755D71F25DB1}.Debug|Any CPU.ActiveCfg = Debug|Any CPU
		{71045D98-D65D-49E2-893F-755D71F25DB1}.Debug|Any CPU.Build.0 = Debug|Any CPU
		{71045D98-D65D-49E2-893F-755D71F25DB1}.Release|Any CPU.ActiveCfg = Release|Any CPU
		{71045D98-D65D-49E2-893F-755D71F25DB1}.Release|Any CPU.Build.0 = Release|Any CPU
		{258A49AB-8AAD-494A-8F93-8AFE70F0DC41}.Debug|Any CPU.ActiveCfg = Debug|Any CPU
		{258A49AB-8AAD-494A-8F93-8AFE70F0DC41}.Debug|Any CPU.Build.0 = Debug|Any CPU
		{258A49AB-8AAD-494A-8F93-8AFE70F0DC41}.Release|Any CPU.ActiveCfg = Release|Any CPU
		{258A49AB-8AAD-494A-8F93-8AFE70F0DC41}.Release|Any CPU.Build.0 = Release|Any CPU
	EndGlobalSection
	GlobalSection(SolutionProperties) = preSolution
		HideSolutionNode = FALSE
	EndGlobalSection
	GlobalSection(ExtensibilityGlobals) = postSolution
		SolutionGuid = {476D9D48-80F9-457E-86FB-3037453C7A61}
	EndGlobalSection
EndGlobal
